// !$*UTF8*$!
{
	archiveVersion = 1;
	classes = {
	};
	objectVersion = 50;
	objects = {

/* Begin PBXBuildFile section */
		31AEBF6A268B878A0030507A /* main.cpp in Sources */ = {isa = PBXBuildFile; fileRef = 31AEBF69268B878A0030507A /* main.cpp */; };
		31AEBF7A268B88280030507A /* libuseunix.a in Frameworks */ = {isa = PBXBuildFile; fileRef = 31AEBF77268B88210030507A /* libuseunix.a */; };
/* End PBXBuildFile section */

/* Begin PBXContainerItemProxy section */
		31AEBF76268B88210030507A /* PBXContainerItemProxy */ = {
			isa = PBXContainerItemProxy;
			containerPortal = 31AEBF72268B88210030507A /* useunix.xcodeproj */;
			proxyType = 2;
			remoteGlobalIDString = 31AEBF2D268B80310030507A;
			remoteInfo = useunix;
		};
		31AEBF78268B88250030507A /* PBXContainerItemProxy */ = {
			isa = PBXContainerItemProxy;
			containerPortal = 31AEBF72268B88210030507A /* useunix.xcodeproj */;
			proxyType = 1;
			remoteGlobalIDString = 31AEBF2C268B80310030507A;
			remoteInfo = useunix;
		};
/* End PBXContainerItemProxy section */

/* Begin PBXCopyFilesBuildPhase section */
		31AEBF64268B878A0030507A /* CopyFiles */ = {
			isa = PBXCopyFilesBuildPhase;
			buildActionMask = 2147483647;
			dstPath = /usr/share/man/man1/;
			dstSubfolderSpec = 0;
			files = (
			);
			runOnlyForDeploymentPostprocessing = 1;
		};
/* End PBXCopyFilesBuildPhase section */

/* Begin PBXFileReference section */
		31AEBF66268B878A0030507A /* u_client */ = {isa = PBXFileReference; explicitFileType = "compiled.mach-o.executable"; includeInIndex = 0; path = u_client; sourceTree = BUILT_PRODUCTS_DIR; };
		31AEBF69268B878A0030507A /* main.cpp */ = {isa = PBXFileReference; lastKnownFileType = sourcecode.cpp.cpp; path = main.cpp; sourceTree = "<group>"; };
		31AEBF72268B88210030507A /* useunix.xcodeproj */ = {isa = PBXFileReference; lastKnownFileType = "wrapper.pb-project"; name = useunix.xcodeproj; path = ../useunix/useunix.xcodeproj; sourceTree = "<group>"; };
/* End PBXFileReference section */

/* Begin PBXFrameworksBuildPhase section */
		31AEBF63268B878A0030507A /* Frameworks */ = {
			isa = PBXFrameworksBuildPhase;
			buildActionMask = 2147483647;
			files = (
				31AEBF7A268B88280030507A /* libuseunix.a in Frameworks */,
			);
			runOnlyForDeploymentPostprocessing = 0;
		};
/* End PBXFrameworksBuildPhase section */

/* Begin PBXGroup section */
		31AEBF5D268B878A0030507A = {
			isa = PBXGroup;
			children = (
				31AEBF68268B878A0030507A /* u_client */,
				31AEBF67268B878A0030507A /* Products */,
				31AEBF71268B88210030507A /* Frameworks */,
			);
			sourceTree = "<group>";
		};
		31AEBF67268B878A0030507A /* Products */ = {
			isa = PBXGroup;
			children = (
				31AEBF66268B878A0030507A /* u_client */,
			);
			name = Products;
			sourceTree = "<group>";
		};
		31AEBF68268B878A0030507A /* u_client */ = {
			isa = PBXGroup;
			children = (
				31AEBF69268B878A0030507A /* main.cpp */,
			);
			path = u_client;
			sourceTree = "<group>";
		};
		31AEBF71268B88210030507A /* Frameworks */ = {
			isa = PBXGroup;
			children = (
				31AEBF72268B88210030507A /* useunix.xcodeproj */,
			);
			name = Frameworks;
			sourceTree = "<group>";
		};
		31AEBF73268B88210030507A /* Products */ = {
			isa = PBXGroup;
			children = (
				31AEBF77268B88210030507A /* libuseunix.a */,
			);
			name = Products;
			sourceTree = "<group>";
		};
/* End PBXGroup section */

/* Begin PBXNativeTarget section */
		31AEBF65268B878A0030507A /* u_client */ = {
			isa = PBXNativeTarget;
			buildConfigurationList = 31AEBF6D268B878A0030507A /* Build configuration list for PBXNativeTarget "u_client" */;
			buildPhases = (
				31AEBF62268B878A0030507A /* Sources */,
				31AEBF63268B878A0030507A /* Frameworks */,
				31AEBF64268B878A0030507A /* CopyFiles */,
			);
			buildRules = (
			);
			dependencies = (
				31AEBF79268B88250030507A /* PBXTargetDependency */,
			);
			name = u_client;
			productName = u_client;
			productReference = 31AEBF66268B878A0030507A /* u_client */;
			productType = "com.apple.product-type.tool";
		};
/* End PBXNativeTarget section */

/* Begin PBXProject section */
		31AEBF5E268B878A0030507A /* Project object */ = {
			isa = PBXProject;
			attributes = {
				LastUpgradeCheck = 1140;
				ORGANIZATIONNAME = Tripathi;
				TargetAttributes = {
					31AEBF65268B878A0030507A = {
						CreatedOnToolsVersion = 11.4;
					};
				};
			};
			buildConfigurationList = 31AEBF61268B878A0030507A /* Build configuration list for PBXProject "u_client" */;
			compatibilityVersion = "Xcode 9.3";
			developmentRegion = en;
			hasScannedForEncodings = 0;
			knownRegions = (
				en,
				Base,
			);
			mainGroup = 31AEBF5D268B878A0030507A;
			productRefGroup = 31AEBF67268B878A0030507A /* Products */;
			projectDirPath = "";
			projectReferences = (
				{
					ProductGroup = 31AEBF73268B88210030507A /* Products */;
					ProjectRef = 31AEBF72268B88210030507A /* useunix.xcodeproj */;
				},
			);
			projectRoot = "";
			targets = (
				31AEBF65268B878A0030507A /* u_client */,
			);
		};
/* End PBXProject section */

/* Begin PBXReferenceProxy section */
		31AEBF77268B88210030507A /* libuseunix.a */ = {
			isa = PBXReferenceProxy;
			fileType = archive.ar;
			path = libuseunix.a;
			remoteRef = 31AEBF76268B88210030507A /* PBXContainerItemProxy */;
			sourceTree = BUILT_PRODUCTS_DIR;
		};
/* End PBXReferenceProxy section */

/* Begin PBXSourcesBuildPhase section */
		31AEBF62268B878A0030507A /* Sources */ = {
			isa = PBXSourcesBuildPhase;
			buildActionMask = 2147483647;
			files = (
				31AEBF6A268B878A0030507A /* main.cpp in Sources */,
			);
			runOnlyForDeploymentPostprocessing = 0;
		};
/* End PBXSourcesBuildPhase section */

/* Begin PBXTargetDependency section */
		31AEBF79268B88250030507A /* PBXTargetDependency */ = {
			isa = PBXTargetDependency;
			name = useunix;
			targetProxy = 31AEBF78268B88250030507A /* PBXContainerItemProxy */;
		};
/* End PBXTargetDependency section */

/* Begin XCBuildConfiguration section */
		31AEBF6B268B878A0030507A /* Debug */ = {
			isa = XCBuildConfiguration;
			buildSettings = {
				ALWAYS_SEARCH_USER_PATHS = NO;
				CLANG_ANALYZER_NONNULL = YES;
				CLANG_ANALYZER_NUMBER_OBJECT_CONVERSION = YES_AGGRESSIVE;
				CLANG_CXX_LANGUAGE_STANDARD = "gnu++14";
				CLANG_CXX_LIBRARY = "libc++";
				CLANG_ENABLE_MODULES = YES;
				CLANG_ENABLE_OBJC_ARC = YES;
				CLANG_ENABLE_OBJC_WEAK = YES;
				CLANG_WARN_BLOCK_CAPTURE_AUTORELEASING = YES;
				CLANG_WARN_BOOL_CONVERSION = YES;
				CLANG_WARN_COMMA = YES;
				CLANG_WARN_CONSTANT_CONVERSION = YES;
				CLANG_WARN_DEPRECATED_OBJC_IMPLEMENTATIONS = YES;
				CLANG_WARN_DIRECT_OBJC_ISA_USAGE = YES_ERROR;
				CLANG_WARN_DOCUMENTATION_COMMENTS = YES;
				CLANG_WARN_EMPTY_BODY = YES;
				CLANG_WARN_ENUM_CONVERSION = YES;
				CLANG_WARN_INFINITE_RECURSION = YES;
				CLANG_WARN_INT_CONVERSION = YES;
				CLANG_WARN_NON_LITERAL_NULL_CONVERSION = YES;
				CLANG_WARN_OBJC_IMPLICIT_RETAIN_SELF = YES;
				CLANG_WARN_OBJC_LITERAL_CONVERSION = YES;
				CLANG_WARN_OBJC_ROOT_CLASS = YES_ERROR;
				CLANG_WARN_RANGE_LOOP_ANALYSIS = YES;
				CLANG_WARN_STRICT_PROTOTYPES = YES;
				CLANG_WARN_SUSPICIOUS_MOVE = YES;
				CLANG_WARN_UNGUARDED_AVAILABILITY = YES_AGGRESSIVE;
				CLANG_WARN_UNREACHABLE_CODE = YES;
				CLANG_WARN__DUPLICATE_METHOD_MATCH = YES;
				COPY_PHASE_STRIP = NO;
				DEBUG_INFORMATION_FORMAT = dwarf;
				ENABLE_STRICT_OBJC_MSGSEND = YES;
				ENABLE_TESTABILITY = YES;
				GCC_C_LANGUAGE_STANDARD = gnu11;
				GCC_DYNAMIC_NO_PIC = NO;
				GCC_NO_COMMON_BLOCKS = YES;
				GCC_OPTIMIZATION_LEVEL = 0;
				GCC_PREPROCESSOR_DEFINITIONS = (
					"DEBUG=1",
					"$(inherited)",
				);
				GCC_WARN_64_TO_32_BIT_CONVERSION = YES;
				GCC_WARN_ABOUT_RETURN_TYPE = YES_ERROR;
				GCC_WARN_UNDECLARED_SELECTOR = YES;
				GCC_WARN_UNINITIALIZED_AUTOS = YES_AGGRESSIVE;
				GCC_WARN_UNUSED_FUNCTION = YES;
				GCC_WARN_UNUSED_VARIABLE = YES;
				MACOSX_DEPLOYMENT_TARGET = 10.15;
				MTL_ENABLE_DEBUG_INFO = INCLUDE_SOURCE;
				MTL_FAST_MATH = YES;
				ONLY_ACTIVE_ARCH = YES;
				SDKROOT = macosx;
			};
			name = Debug;
		};
		31AEBF6C268B878A0030507A /* Release */ = {
			isa = XCBuildConfiguration;
			buildSettings = {
				ALWAYS_SEARCH_USER_PATHS = NO;
				CLANG_ANALYZER_NONNULL = YES;
				CLANG_ANALYZER_NUMBER_OBJECT_CONVERSION = YES_AGGRESSIVE;
				CLANG_CXX_LANGUAGE_STANDARD = "gnu++14";
				CLANG_CXX_LIBRARY = "libc++";
				CLANG_ENABLE_MODULES = YES;
				CLANG_ENABLE_OBJC_ARC = YES;
				CLANG_ENABLE_OBJC_WEAK = YES;
				CLANG_WARN_BLOCK_CAPTURE_AUTORELEASING = YES;
				CLANG_WARN_BOOL_CONVERSION = YES;
				CLANG_WARN_COMMA = YES;
				CLANG_WARN_CONSTANT_CONVERSION = YES;
				CLANG_WARN_DEPRECATED_OBJC_IMPLEMENTATIONS = YES;
				CLANG_WARN_DIRECT_OBJC_ISA_USAGE = YES_ERROR;
				CLANG_WARN_DOCUMENTATION_COMMENTS = YES;
				CLANG_WARN_EMPTY_BODY = YES;
				CLANG_WARN_ENUM_CONVERSION = YES;
				CLANG_WARN_INFINITE_RECURSION = YES;
				CLANG_WARN_INT_CONVERSION = YES;
				CLANG_WARN_NON_LITERAL_NULL_CONVERSION = YES;
				CLANG_WARN_OBJC_IMPLICIT_RETAIN_SELF = YES;
				CLANG_WARN_OBJC_LITERAL_CONVERSION = YES;
				CLANG_WARN_OBJC_ROOT_CLASS = YES_ERROR;
				CLANG_WARN_RANGE_LOOP_ANALYSIS = YES;
				CLANG_WARN_STRICT_PROTOTYPES = YES;
				CLANG_WARN_SUSPICIOUS_MOVE = YES;
				CLANG_WARN_UNGUARDED_AVAILABILITY = YES_AGGRESSIVE;
				CLANG_WARN_UNREACHABLE_CODE = YES;
				CLANG_WARN__DUPLICATE_METHOD_MATCH = YES;
				COPY_PHASE_STRIP = NO;
				DEBUG_INFORMATION_FORMAT = "dwarf-with-dsym";
				ENABLE_NS_ASSERTIONS = NO;
				ENABLE_STRICT_OBJC_MSGSEND = YES;
				GCC_C_LANGUAGE_STANDARD = gnu11;
				GCC_NO_COMMON_BLOCKS = YES;
				GCC_WARN_64_TO_32_BIT_CONVERSION = YES;
				GCC_WARN_ABOUT_RETURN_TYPE = YES_ERROR;
				GCC_WARN_UNDECLARED_SELECTOR = YES;
				GCC_WARN_UNINITIALIZED_AUTOS = YES_AGGRESSIVE;
				GCC_WARN_UNUSED_FUNCTION = YES;
				GCC_WARN_UNUSED_VARIABLE = YES;
				MACOSX_DEPLOYMENT_TARGET = 10.15;
				MTL_ENABLE_DEBUG_INFO = NO;
				MTL_FAST_MATH = YES;
				SDKROOT = macosx;
			};
			name = Release;
		};
		31AEBF6E268B878A0030507A /* Debug */ = {
			isa = XCBuildConfiguration;
			buildSettings = {
				CODE_SIGN_STYLE = Automatic;
				HEADER_SEARCH_PATHS = "\"$(SRCROOT)/../useunix/src/\"";
				PRODUCT_NAME = "$(TARGET_NAME)";
			};
			name = Debug;
		};
		31AEBF6F268B878A0030507A /* Release */ = {
			isa = XCBuildConfiguration;
			buildSettings = {
				CODE_SIGN_STYLE = Automatic;
				HEADER_SEARCH_PATHS = "\"$(SRCROOT)/../useunix/src/\"";
				PRODUCT_NAME = "$(TARGET_NAME)";
			};
			name = Release;
		};
/* End XCBuildConfiguration section */

/* Begin XCConfigurationList section */
		31AEBF61268B878A0030507A /* Build configuration list for PBXProject "u_client" */ = {
			isa = XCConfigurationList;
			buildConfigurations = (
				31AEBF6B268B878A0030507A /* Debug */,
				31AEBF6C268B878A0030507A /* Release */,
			);
			defaultConfigurationIsVisible = 0;
			defaultConfigurationName = Release;
		};
		31AEBF6D268B878A0030507A /* Build configuration list for PBXNativeTarget "u_client" */ = {
			isa = XCConfigurationList;
			buildConfigurations = (
				31AEBF6E268B878A0030507A /* Debug */,
				31AEBF6F268B878A0030507A /* Release */,
			);
			defaultConfigurationIsVisible = 0;
			defaultConfigurationName = Release;
		};
/* End XCConfigurationList section */
	};
	rootObject = 31AEBF5E268B878A0030507A /* Project object */;
}
